<?xml version="1.0"?>
<CONFIG>
  <ProjectOptions>
    <Version Value="7"/>
    <General>
      <Flags>
        <LRSInOutputDirectory Value="False"/>
      </Flags>
      <SessionStorage Value="InProjectDir"/>
      <MainUnit Value="0"/>
      <TargetFileExt Value=""/>
      <Title Value="blockunittest"/>
    </General>
    <VersionInfo>
      <ProjectVersion Value=""/>
    </VersionInfo>
    <PublishOptions>
      <Version Value="2"/>
      <IgnoreBinaries Value="False"/>
      <IncludeFileFilter Value="*.(pas|pp|inc|lfm|lpr|lrs|lpi|lpk|sh|xml)"/>
      <ExcludeFileFilter Value="*.(bak|ppu|ppw|o|so);*~;backup"/>
    </PublishOptions>
    <RunParams>
      <local>
        <FormatVersion Value="1"/>
        <LaunchingApplication PathPlusParams="/usr/X11R6/bin/xterm -T 'Lazarus Run Output' -e $(LazarusDir)/tools/runwait.sh $(TargetCmdLine)"/>
      </local>
    </RunParams>
    <Units Count="6">
      <Unit0>
        <Filename Value="blocktest.lpr"/>
        <IsPartOfProject Value="True"/>
        <UnitName Value="BlockTest"/>
      </Unit0>
      <Unit1>
        <Filename Value="blockbasics.pas"/>
        <IsPartOfProject Value="True"/>
        <ComponentName Value="CBlock"/>
        <HasResources Value="True"/>
        <ResourceBaseClass Value="Form"/>
        <UnitName Value="BlockBasics"/>
      </Unit1>
      <Unit2>
        <Filename Value="blocks.pas"/>
        <IsPartOfProject Value="True"/>
        <UnitName Value="blocks"/>
      </Unit2>
      <Unit3>
        <Filename Value="designs.pas"/>
        <IsPartOfProject Value="True"/>
        <UnitName Value="designs"/>
      </Unit3>
      <Unit4>
        <Filename Value="probes.pas"/>
        <IsPartOfProject Value="True"/>
        <UnitName Value="probes"/>
      </Unit4>
      <Unit5>
        <Filename Value="sources.pas"/>
        <IsPartOfProject Value="True"/>
        <UnitName Value="sources"/>
      </Unit5>
    </Units>
  </ProjectOptions>
  <CompilerOptions>
    <Version Value="8"/>
    <SearchPaths>
      <OtherUnitFiles Value="../../build/lib/rsd/core/fifo/;$(LazarusDir)/lcl/units/$(TargetCPU)-$(TargetOS)/"/>
      <UnitOutputDirectory Value="../../build/lib/rsd/core/block"/>
    </SearchPaths>
    <Other>
      <CompilerPath Value="$(CompPath)"/>
    </Other>
  </CompilerOptions>
</CONFIG>
