<?xml version="1.0"?>
<CONFIG>
  <ProjectOptions>
    <PathDelim Value="/"/>
    <Version Value="5"/>
    <General>
      <MainUnit Value="0"/>
      <IconPath Value="./"/>
      <TargetFileExt Value=""/>
      <ActiveEditorIndexAtStart Value="1"/>
    </General>
    <VersionInfo>
      <ProjectVersion Value=""/>
      <Language Value=""/>
      <CharSet Value=""/>
    </VersionInfo>
    <PublishOptions>
      <Version Value="2"/>
      <IgnoreBinaries Value="False"/>
      <IncludeFileFilter Value="*.(pas|pp|inc|lfm|lpr|lrs|lpi|lpk|sh|xml)"/>
      <ExcludeFileFilter Value="*.(bak|ppu|ppw|o|so);*~;backup"/>
    </PublishOptions>
    <RunParams>
      <local>
        <FormatVersion Value="1"/>
        <LaunchingApplication PathPlusParams="/usr/X11R6/bin/xterm -T 'Lazarus Run Output' -e $(LazarusDir)/tools/runwait.sh $(TargetCmdLine)"/>
      </local>
    </RunParams>
    <Units Count="5">
      <Unit0>
        <Filename Value="fifotest.lpr"/>
        <IsPartOfProject Value="True"/>
        <UnitName Value="fifotest"/>
        <CursorPos X="22" Y="26"/>
        <TopLine Value="2"/>
        <EditorIndex Value="0"/>
        <UsageCount Value="22"/>
        <Loaded Value="True"/>
      </Unit0>
      <Unit1>
        <Filename Value="fifotest.pas"/>
        <UnitName Value="fifotest"/>
        <CursorPos X="7" Y="1"/>
        <TopLine Value="1"/>
        <UsageCount Value="20"/>
      </Unit1>
      <Unit2>
        <Filename Value="fifobasics.pas"/>
        <IsPartOfProject Value="True"/>
        <UnitName Value="FifoBasics"/>
        <CursorPos X="1" Y="66"/>
        <TopLine Value="60"/>
        <EditorIndex Value="1"/>
        <UsageCount Value="22"/>
        <Loaded Value="True"/>
      </Unit2>
      <Unit3>
        <Filename Value="../math/mathbasics.pas"/>
        <UnitName Value="MathBasics"/>
        <CursorPos X="40" Y="3"/>
        <TopLine Value="4"/>
        <UsageCount Value="10"/>
      </Unit3>
      <Unit4>
        <Filename Value="../math/mathmatrices.pas"/>
        <UnitName Value="MathMatrices"/>
        <CursorPos X="1" Y="1"/>
        <TopLine Value="1"/>
        <UsageCount Value="10"/>
      </Unit4>
    </Units>
    <JumpHistory Count="12" HistoryIndex="11">
      <Position1>
        <Filename Value="fifobasics.pas"/>
        <Caret Line="81" Column="36" TopLine="53"/>
      </Position1>
      <Position2>
        <Filename Value="fifobasics.pas"/>
        <Caret Line="12" Column="5" TopLine="1"/>
      </Position2>
      <Position3>
        <Filename Value="fifobasics.pas"/>
        <Caret Line="22" Column="5" TopLine="7"/>
      </Position3>
      <Position4>
        <Filename Value="fifobasics.pas"/>
        <Caret Line="3" Column="14" TopLine="1"/>
      </Position4>
      <Position5>
        <Filename Value="fifobasics.pas"/>
        <Caret Line="24" Column="9" TopLine="1"/>
      </Position5>
      <Position6>
        <Filename Value="fifobasics.pas"/>
        <Caret Line="20" Column="16" TopLine="6"/>
      </Position6>
      <Position7>
        <Filename Value="fifobasics.pas"/>
        <Caret Line="40" Column="6" TopLine="14"/>
      </Position7>
      <Position8>
        <Filename Value="fifobasics.pas"/>
        <Caret Line="25" Column="5" TopLine="11"/>
      </Position8>
      <Position9>
        <Filename Value="fifobasics.pas"/>
        <Caret Line="15" Column="3" TopLine="1"/>
      </Position9>
      <Position10>
        <Filename Value="fifobasics.pas"/>
        <Caret Line="30" Column="1" TopLine="1"/>
      </Position10>
      <Position11>
        <Filename Value="fifobasics.pas"/>
        <Caret Line="34" Column="39" TopLine="20"/>
      </Position11>
      <Position12>
        <Filename Value="fifotest.lpr"/>
        <Caret Line="25" Column="7" TopLine="1"/>
      </Position12>
    </JumpHistory>
  </ProjectOptions>
  <CompilerOptions>
    <Version Value="5"/>
    <CodeGeneration>
      <Generate Value="Faster"/>
    </CodeGeneration>
    <Other>
      <CompilerPath Value="$(CompPath)"/>
    </Other>
  </CompilerOptions>
  <Debugging>
    <Exceptions Count="2">
      <Item1>
        <Name Value="ECodetoolError"/>
      </Item1>
      <Item2>
        <Name Value="EFOpenError"/>
      </Item2>
    </Exceptions>
  </Debugging>
</CONFIG>
