<?xml version="1.0"?>
<CONFIG>
  <ProjectOptions>
    <PathDelim Value="/"/>
    <Version Value="5"/>
    <General>
      <MainUnit Value="0"/>
      <IconPath Value="./"/>
      <TargetFileExt Value=""/>
      <ActiveEditorIndexAtStart Value="2"/>
    </General>
    <VersionInfo>
      <ProjectVersion Value=""/>
    </VersionInfo>
    <PublishOptions>
      <Version Value="2"/>
      <IgnoreBinaries Value="False"/>
      <IncludeFileFilter Value="*.(pas|pp|inc|lfm|lpr|lrs|lpi|lpk|sh|xml)"/>
      <ExcludeFileFilter Value="*.(bak|ppu|ppw|o|so);*~;backup"/>
    </PublishOptions>
    <RunParams>
      <local>
        <FormatVersion Value="1"/>
        <LaunchingApplication PathPlusParams="/usr/X11R6/bin/xterm -T 'Lazarus Run Output' -e $(LazarusDir)/tools/runwait.sh $(TargetCmdLine)"/>
      </local>
    </RunParams>
    <RequiredPackages Count="3">
      <Item1>
        <PackageName Value="SynEdit"/>
        <MinVersion Major="1" Valid="True"/>
      </Item1>
      <Item2>
        <PackageName Value="RunTimeTypeInfoControls"/>
        <MinVersion Minor="1" Valid="True"/>
      </Item2>
      <Item3>
        <PackageName Value="LCL"/>
      </Item3>
    </RequiredPackages>
    <Units Count="33">
      <Unit0>
        <Filename Value="dtsl_ide.lpr"/>
        <IsPartOfProject Value="True"/>
        <UnitName Value="dtsl_ide"/>
        <CursorPos X="62" Y="10"/>
        <TopLine Value="1"/>
        <EditorIndex Value="0"/>
        <UsageCount Value="51"/>
        <Loaded Value="True"/>
      </Unit0>
      <Unit1>
        <Filename Value="mainwindow.pas"/>
        <ComponentName Value="dtslIdeMainWindow"/>
        <IsPartOfProject Value="True"/>
        <ResourceFilename Value="mainwindow.lrs"/>
        <UnitName Value="mainWindow"/>
        <CursorPos X="38" Y="124"/>
        <TopLine Value="100"/>
        <EditorIndex Value="1"/>
        <UsageCount Value="51"/>
        <Loaded Value="True"/>
      </Unit1>
      <Unit2>
        <Filename Value="/usr/lib/lazarus/lcl/interfaces/gtk/interfaces.pp"/>
        <UnitName Value="Interfaces"/>
        <CursorPos X="1" Y="1"/>
        <TopLine Value="1"/>
        <UsageCount Value="9"/>
      </Unit2>
      <Unit3>
        <Filename Value="../../src/lazarus/lcl/grids.pas"/>
        <UnitName Value="Grids"/>
        <CursorPos X="1" Y="6564"/>
        <TopLine Value="6542"/>
        <UsageCount Value="9"/>
      </Unit3>
      <Unit4>
        <Filename Value="../../src/lazarus/lcl/lclclasses.pp"/>
        <UnitName Value="LCLClasses"/>
        <CursorPos X="20" Y="43"/>
        <TopLine Value="28"/>
        <UsageCount Value="10"/>
      </Unit4>
      <Unit5>
        <Filename Value="../../src/lazarus/lcl/forms.pp"/>
        <UnitName Value="Forms"/>
        <CursorPos X="41" Y="141"/>
        <TopLine Value="126"/>
        <UsageCount Value="10"/>
      </Unit5>
      <Unit6>
        <Filename Value="../../src/lazarus/lcl/include/application.inc"/>
        <CursorPos X="41" Y="14"/>
        <TopLine Value="1"/>
        <UsageCount Value="10"/>
      </Unit6>
      <Unit7>
        <Filename Value="mainwindow.lfm"/>
        <CursorPos X="48" Y="375"/>
        <TopLine Value="354"/>
        <UsageCount Value="9"/>
        <SyntaxHighlighter Value="LFM"/>
      </Unit7>
      <Unit8>
        <Filename Value="mainwindow.lrs"/>
        <CursorPos X="1" Y="1"/>
        <TopLine Value="22"/>
        <UsageCount Value="9"/>
      </Unit8>
      <Unit9>
        <Filename Value="../../src/lazarus/lcl/extctrls.pp"/>
        <UnitName Value="ExtCtrls"/>
        <CursorPos X="24" Y="485"/>
        <TopLine Value="470"/>
        <UsageCount Value="13"/>
      </Unit9>
      <Unit10>
        <Filename Value="../../src/lazarus/lcl/include/winapih.inc"/>
        <CursorPos X="10" Y="112"/>
        <TopLine Value="97"/>
        <UsageCount Value="10"/>
      </Unit10>
      <Unit11>
        <Filename Value="../../src/lazarus/lcl/controls.pp"/>
        <UnitName Value="Controls"/>
        <CursorPos X="13" Y="1461"/>
        <TopLine Value="1446"/>
        <EditorIndex Value="5"/>
        <UsageCount Value="12"/>
        <Loaded Value="True"/>
      </Unit11>
      <Unit12>
        <Filename Value="../../src/lazarus/lcl/graphics.pp"/>
        <UnitName Value="Graphics"/>
        <CursorPos X="22" Y="83"/>
        <TopLine Value="67"/>
        <EditorIndex Value="3"/>
        <UsageCount Value="10"/>
        <Loaded Value="True"/>
      </Unit12>
      <Unit13>
        <Filename Value="../../src/lazarus/ideintf/objectinspector.pp"/>
        <UnitName Value="ObjectInspector"/>
        <CursorPos X="1" Y="4379"/>
        <TopLine Value="4354"/>
        <UsageCount Value="10"/>
      </Unit13>
      <Unit14>
        <Filename Value="../../src/lazarus/lcl/menus.pp"/>
        <UnitName Value="Menus"/>
        <CursorPos X="3" Y="313"/>
        <TopLine Value="298"/>
        <UsageCount Value="10"/>
      </Unit14>
      <Unit15>
        <Filename Value="../../src/lazarus/lcl/dialogs.pp"/>
        <UnitName Value="Dialogs"/>
        <CursorPos X="11" Y="462"/>
        <TopLine Value="1"/>
        <UsageCount Value="10"/>
      </Unit15>
      <Unit16>
        <Filename Value="../../src/lazarus/lcl/buttons.pp"/>
        <UnitName Value="Buttons"/>
        <CursorPos X="19" Y="343"/>
        <TopLine Value="328"/>
        <UsageCount Value="13"/>
      </Unit16>
      <Unit17>
        <Filename Value="../../src/lazarus/lcl/include/bitbtn.inc"/>
        <CursorPos X="1" Y="1"/>
        <TopLine Value="31"/>
        <UsageCount Value="10"/>
      </Unit17>
      <Unit18>
        <Filename Value="graph/graphcomponents.pas"/>
        <IsPartOfProject Value="True"/>
        <UnitName Value="GraphComponents"/>
        <CursorPos X="15" Y="43"/>
        <TopLine Value="30"/>
        <EditorIndex Value="2"/>
        <UsageCount Value="34"/>
        <Loaded Value="True"/>
      </Unit18>
      <Unit19>
        <Filename Value="../../src/fpc/rtl/objpas/classes/classesh.inc"/>
        <CursorPos X="67" Y="1515"/>
        <TopLine Value="1500"/>
        <UsageCount Value="13"/>
      </Unit19>
      <Unit20>
        <Filename Value="../../src/fpc/rtl/inc/wstringh.inc"/>
        <CursorPos X="11" Y="30"/>
        <TopLine Value="15"/>
        <UsageCount Value="10"/>
      </Unit20>
      <Unit21>
        <Filename Value="../../src/fpc/rtl/objpas/classes/lists.inc"/>
        <CursorPos X="33" Y="124"/>
        <TopLine Value="119"/>
        <UsageCount Value="11"/>
      </Unit21>
      <Unit22>
        <Filename Value="../../src/lazarus/lcl/include/control.inc"/>
        <CursorPos X="3" Y="1171"/>
        <TopLine Value="1166"/>
        <UsageCount Value="10"/>
      </Unit22>
      <Unit23>
        <Filename Value="../../src/lazarus/lcl/comctrls.pp"/>
        <UnitName Value="ComCtrls"/>
        <CursorPos X="37" Y="399"/>
        <TopLine Value="384"/>
        <UsageCount Value="10"/>
      </Unit23>
      <Unit24>
        <Filename Value="../../src/fpc/rtl/objpas/types.pp"/>
        <UnitName Value="types"/>
        <CursorPos X="16" Y="121"/>
        <TopLine Value="111"/>
        <UsageCount Value="11"/>
      </Unit24>
      <Unit25>
        <Filename Value="../../src/lazarus/lcl/include/speedbutton.inc"/>
        <CursorPos X="1" Y="779"/>
        <TopLine Value="755"/>
        <UsageCount Value="10"/>
      </Unit25>
      <Unit26>
        <Filename Value="../../src/lazarus/lcl/include/graphiccontrol.inc"/>
        <CursorPos X="3" Y="89"/>
        <TopLine Value="73"/>
        <UsageCount Value="10"/>
      </Unit26>
      <Unit27>
        <Filename Value="../../src/lazarus/lcl/include/controlcanvas.inc"/>
        <CursorPos X="28" Y="42"/>
        <TopLine Value="27"/>
        <UsageCount Value="10"/>
      </Unit27>
      <Unit28>
        <Filename Value="../../src/fpcbuild-2.1.5/fpcsrc/rtl/objpas/classes/classesh.inc"/>
        <CursorPos X="3" Y="87"/>
        <TopLine Value="72"/>
        <EditorIndex Value="4"/>
        <UsageCount Value="10"/>
        <Loaded Value="True"/>
      </Unit28>
      <Unit29>
        <Filename Value="../../src/lazarus/ideintf/imagelisteditor.pp"/>
        <ComponentName Value="ImageListEditorDlg"/>
        <HasResources Value="True"/>
        <UnitName Value="ImageListEditor"/>
        <CursorPos X="27" Y="382"/>
        <TopLine Value="357"/>
        <UsageCount Value="10"/>
      </Unit29>
      <Unit30>
        <Filename Value="../../src/lazarus/lcl/include/winapi.inc"/>
        <CursorPos X="3" Y="311"/>
        <TopLine Value="298"/>
        <UsageCount Value="10"/>
      </Unit30>
      <Unit31>
        <Filename Value="../../src/lazarus/lcl/include/canvas.inc"/>
        <CursorPos X="3" Y="1209"/>
        <TopLine Value="1201"/>
        <UsageCount Value="10"/>
      </Unit31>
      <Unit32>
        <Filename Value="../../src/fpcbuild-2.1.5/fpcsrc/packages/fcl-image/src/fpcanvas.pp"/>
        <UnitName Value="FPCanvas"/>
        <CursorPos X="19" Y="246"/>
        <TopLine Value="177"/>
        <UsageCount Value="10"/>
      </Unit32>
    </Units>
    <JumpHistory Count="15" HistoryIndex="14">
      <Position1>
        <Filename Value="graph/graphcomponents.pas"/>
        <Caret Line="105" Column="20" TopLine="85"/>
      </Position1>
      <Position2>
        <Filename Value="graph/graphcomponents.pas"/>
        <Caret Line="62" Column="3" TopLine="47"/>
      </Position2>
      <Position3>
        <Filename Value="graph/graphcomponents.pas"/>
        <Caret Line="64" Column="18" TopLine="64"/>
      </Position3>
      <Position4>
        <Filename Value="../../src/lazarus/lcl/graphics.pp"/>
        <Caret Line="83" Column="22" TopLine="67"/>
      </Position4>
      <Position5>
        <Filename Value="graph/graphcomponents.pas"/>
        <Caret Line="103" Column="32" TopLine="86"/>
      </Position5>
      <Position6>
        <Filename Value="graph/graphcomponents.pas"/>
        <Caret Line="115" Column="1" TopLine="86"/>
      </Position6>
      <Position7>
        <Filename Value="graph/graphcomponents.pas"/>
        <Caret Line="102" Column="9" TopLine="76"/>
      </Position7>
      <Position8>
        <Filename Value="graph/graphcomponents.pas"/>
        <Caret Line="70" Column="73" TopLine="46"/>
      </Position8>
      <Position9>
        <Filename Value="graph/graphcomponents.pas"/>
        <Caret Line="62" Column="15" TopLine="47"/>
      </Position9>
      <Position10>
        <Filename Value="graph/graphcomponents.pas"/>
        <Caret Line="64" Column="1" TopLine="47"/>
      </Position10>
      <Position11>
        <Filename Value="graph/graphcomponents.pas"/>
        <Caret Line="62" Column="15" TopLine="47"/>
      </Position11>
      <Position12>
        <Filename Value="graph/graphcomponents.pas"/>
        <Caret Line="60" Column="20" TopLine="46"/>
      </Position12>
      <Position13>
        <Filename Value="graph/graphcomponents.pas"/>
        <Caret Line="62" Column="15" TopLine="55"/>
      </Position13>
      <Position14>
        <Filename Value="graph/graphcomponents.pas"/>
        <Caret Line="61" Column="3" TopLine="53"/>
      </Position14>
      <Position15>
        <Filename Value="graph/graphcomponents.pas"/>
        <Caret Line="45" Column="13" TopLine="30"/>
      </Position15>
    </JumpHistory>
  </ProjectOptions>
  <CompilerOptions>
    <Version Value="5"/>
    <SearchPaths>
      <OtherUnitFiles Value="graph/"/>
      <SrcPath Value="$(LazarusDir)/lcl/;$(LazarusDir)/lcl/interfaces/$(LCLWidgetType)/"/>
    </SearchPaths>
    <CodeGeneration>
      <Generate Value="Faster"/>
    </CodeGeneration>
    <Linking>
      <Options>
        <Win32>
          <GraphicApplication Value="True"/>
        </Win32>
      </Options>
    </Linking>
    <Other>
      <CompilerPath Value="$(CompPath)"/>
    </Other>
  </CompilerOptions>
  <Debugging>
    <Exceptions Count="2">
      <Item1>
        <Name Value="ECodetoolError"/>
      </Item1>
      <Item2>
        <Name Value="EFOpenError"/>
      </Item2>
    </Exceptions>
  </Debugging>
</CONFIG>
