<?xml version="1.0"?>
<CONFIG>
  <ProjectOptions>
    <PathDelim Value="/"/>
    <Version Value="6"/>
    <General>
      <MainUnit Value="0"/>
      <IconPath Value="./"/>
      <TargetFileExt Value=""/>
      <ActiveEditorIndexAtStart Value="2"/>
    </General>
    <VersionInfo>
      <ProjectVersion Value=""/>
      <Language Value=""/>
      <CharSet Value=""/>
    </VersionInfo>
    <PublishOptions>
      <Version Value="2"/>
      <IgnoreBinaries Value="False"/>
      <IncludeFileFilter Value="*.(pas|pp|inc|lfm|lpr|lrs|lpi|lpk|sh|xml)"/>
      <ExcludeFileFilter Value="*.(bak|ppu|ppw|o|so);*~;backup"/>
    </PublishOptions>
    <RunParams>
      <local>
        <FormatVersion Value="1"/>
        <LaunchingApplication PathPlusParams="/usr/X11R6/bin/xterm -T 'Lazarus Run Output' -e $(LazarusDir)/tools/runwait.sh $(TargetCmdLine)"/>
      </local>
    </RunParams>
    <Units Count="9">
      <Unit0>
        <Filename Value="mathtest.lpr"/>
        <IsPartOfProject Value="True"/>
        <CursorPos X="62" Y="6"/>
        <TopLine Value="1"/>
        <EditorIndex Value="0"/>
        <UsageCount Value="23"/>
        <Loaded Value="True"/>
      </Unit0>
      <Unit1>
        <Filename Value="mathvectors.pas"/>
        <IsPartOfProject Value="True"/>
        <UnitName Value="MathVectors"/>
        <CursorPos X="1" Y="29"/>
        <TopLine Value="10"/>
        <EditorIndex Value="2"/>
        <UsageCount Value="23"/>
        <Loaded Value="True"/>
      </Unit1>
      <Unit2>
        <Filename Value="mathbasics.pas"/>
        <IsPartOfProject Value="True"/>
        <UnitName Value="MathBasics"/>
        <CursorPos X="39" Y="3"/>
        <TopLine Value="1"/>
        <EditorIndex Value="4"/>
        <UsageCount Value="23"/>
        <Loaded Value="True"/>
      </Unit2>
      <Unit3>
        <Filename Value="mathmatrices.pas"/>
        <IsPartOfProject Value="True"/>
        <UnitName Value="MathMatrices"/>
        <CursorPos X="26" Y="11"/>
        <TopLine Value="1"/>
        <EditorIndex Value="1"/>
        <UsageCount Value="23"/>
        <Loaded Value="True"/>
      </Unit3>
      <Unit4>
        <Filename Value="mathsetn.pas"/>
        <IsPartOfProject Value="True"/>
        <UnitName Value="MathSetN"/>
        <CursorPos X="1" Y="20"/>
        <TopLine Value="1"/>
        <EditorIndex Value="3"/>
        <UsageCount Value="23"/>
        <Loaded Value="True"/>
      </Unit4>
      <Unit5>
        <Filename Value="../../../src/fpc/compiler/htypechk.pas"/>
        <UnitName Value="htypechk"/>
        <CursorPos X="59" Y="31"/>
        <TopLine Value="1"/>
        <UsageCount Value="10"/>
      </Unit5>
      <Unit6>
        <Filename Value="../../../src/fpc/compiler/pass_2.pas"/>
        <UnitName Value="pass_2"/>
        <CursorPos X="19" Y="67"/>
        <TopLine Value="129"/>
        <UsageCount Value="11"/>
      </Unit6>
      <Unit7>
        <Filename Value="../../../src/fpc/compiler/pdecl.pas"/>
        <UnitName Value="pdecl"/>
        <CursorPos X="51" Y="196"/>
        <TopLine Value="180"/>
        <UsageCount Value="11"/>
      </Unit7>
      <Unit8>
        <Filename Value="../../../src/fpc/compiler/pexpr.pas"/>
        <UnitName Value="pexpr"/>
        <CursorPos X="1" Y="1939"/>
        <TopLine Value="1916"/>
        <UsageCount Value="11"/>
      </Unit8>
    </Units>
    <JumpHistory Count="7" HistoryIndex="6">
      <Position1>
        <Filename Value="mathtest.lpr"/>
        <Caret Line="6" Column="62" TopLine="1"/>
      </Position1>
      <Position2>
        <Filename Value="mathvectors.pas"/>
        <Caret Line="1" Column="1" TopLine="1"/>
      </Position2>
      <Position3>
        <Filename Value="mathvectors.pas"/>
        <Caret Line="34" Column="1" TopLine="16"/>
      </Position3>
      <Position4>
        <Filename Value="mathvectors.pas"/>
        <Caret Line="32" Column="51" TopLine="10"/>
      </Position4>
      <Position5>
        <Filename Value="mathvectors.pas"/>
        <Caret Line="48" Column="13" TopLine="29"/>
      </Position5>
      <Position6>
        <Filename Value="mathvectors.pas"/>
        <Caret Line="56" Column="19" TopLine="38"/>
      </Position6>
      <Position7>
        <Filename Value="mathvectors.pas"/>
        <Caret Line="29" Column="1" TopLine="10"/>
      </Position7>
    </JumpHistory>
  </ProjectOptions>
  <CompilerOptions>
    <Version Value="8"/>
    <Linking>
      <Options>
        <Win32>
          <GraphicApplication Value="True"/>
        </Win32>
      </Options>
    </Linking>
    <Other>
      <CompilerPath Value="$(CompPath)"/>
    </Other>
  </CompilerOptions>
  <Debugging>
    <Exceptions Count="2">
      <Item1>
        <Name Value="ECodetoolError"/>
      </Item1>
      <Item2>
        <Name Value="EFOpenError"/>
      </Item2>
    </Exceptions>
  </Debugging>
</CONFIG>
