<?xml version="1.0" encoding="UTF-8"?>
<CONFIG>
  <ProjectOptions>
    <Version Value="10"/>
    <General>
      <Flags>
        <SaveOnlyProjectUnits Value="True"/>
        <MainUnitHasUsesSectionForAllUnits Value="False"/>
      </Flags>
      <SessionStorage Value="InProjectDir"/>
      <MainUnit Value="0"/>
      <ResourceType Value="res"/>
    </General>
    <LazDoc Paths="../doc/devel/ide/;../doc/devel/ide/graph/;../doc/devel/ide/routing/"/>
    <BuildModes Count="1">
      <Item1 Name="default" Default="True"/>
    </BuildModes>
    <PublishOptions>
      <Version Value="2"/>
      <IgnoreBinaries Value="False"/>
      <IncludeFileFilter Value="*.(pas|pp|inc|lfm|lpr|lrs|lpi|lpk|sh|xml)"/>
      <ExcludeFileFilter Value="*.(bak|ppu|ppw|o|so);*~;backup"/>
    </PublishOptions>
    <RunParams>
      <local>
        <FormatVersion Value="1"/>
        <LaunchingApplication PathPlusParams="/usr/X11R6/bin/xterm -T 'Lazarus Run Output' -e $(LazarusDir)/tools/runwait.sh $(TargetCmdLine)"/>
      </local>
    </RunParams>
    <RequiredPackages Count="6">
      <Item1>
        <PackageName Value="DebuggerIntf"/>
      </Item1>
      <Item2>
        <PackageName Value="IDEIntf"/>
      </Item2>
      <Item3>
        <PackageName Value="CodeTools"/>
      </Item3>
      <Item4>
        <PackageName Value="FCL"/>
        <MinVersion Major="1" Valid="True"/>
      </Item4>
      <Item5>
        <PackageName Value="LCL"/>
      </Item5>
      <Item6>
        <PackageName Value="SynEdit"/>
        <MinVersion Major="1" Valid="True"/>
      </Item6>
    </RequiredPackages>
    <Units Count="10">
      <Unit0>
        <Filename Value="rsd_ide.pas"/>
        <IsPartOfProject Value="True"/>
      </Unit0>
      <Unit1>
        <Filename Value="mainwindow.pas"/>
        <IsPartOfProject Value="True"/>
        <ComponentName Value="IdeMainWindow"/>
        <HasResources Value="True"/>
        <ResourceBaseClass Value="Form"/>
        <UnitName Value="mainWindow"/>
      </Unit1>
      <Unit2>
        <Filename Value="graph/graphcomponents.pas"/>
        <IsPartOfProject Value="True"/>
        <UnitName Value="GraphComponents"/>
      </Unit2>
      <Unit3>
        <Filename Value="graph/designgraph.pas"/>
        <IsPartOfProject Value="True"/>
        <UnitName Value="DesignGraph"/>
      </Unit3>
      <Unit4>
        <Filename Value="graph/codewriter.pas"/>
        <IsPartOfProject Value="True"/>
        <UnitName Value="CodeWriter"/>
      </Unit4>
      <Unit5>
        <Filename Value="routing/routing.pas"/>
        <IsPartOfProject Value="True"/>
        <UnitName Value="Routing"/>
      </Unit5>
      <Unit6>
        <Filename Value="graph/magnifier.pas"/>
        <IsPartOfProject Value="True"/>
        <UnitName Value="Magnifier"/>
      </Unit6>
      <Unit7>
        <Filename Value="configuration.pas"/>
        <IsPartOfProject Value="True"/>
        <ComponentName Value="SplashWindow"/>
        <HasResources Value="True"/>
        <ResourceBaseClass Value="Form"/>
        <UnitName Value="Configuration"/>
      </Unit7>
      <Unit8>
        <Filename Value="graph/blockproperties.pas"/>
        <IsPartOfProject Value="True"/>
        <ComponentName Value="BlockPropertiesDialog"/>
        <ResourceBaseClass Value="Form"/>
      </Unit8>
      <Unit9>
        <Filename Value="packagesmanager.pas"/>
        <IsPartOfProject Value="True"/>
        <ComponentName Value="PackagesManagerForm"/>
        <HasResources Value="True"/>
        <ResourceBaseClass Value="Form"/>
        <UnitName Value="PackagesManager"/>
      </Unit9>
    </Units>
  </ProjectOptions>
  <CompilerOptions>
    <Version Value="11"/>
    <Target>
      <Filename Value="../../bin/rsd"/>
    </Target>
    <SearchPaths>
      <IncludeFiles Value="$(ProjOutDir);$(LazarusDir)/ide/include/$(TargetOS);$(LazarusDir)/ide/include"/>
      <OtherUnitFiles Value="graph;routing;$(LazarusDir)/packager;$(LazarusDir)/ide;$(LazarusDir)/units/$(TargetCPU)-$(TargetOS)/$(LCLWidgetType)"/>
      <UnitOutputDirectory Value="../../build"/>
    </SearchPaths>
    <Parsing>
      <SyntaxOptions>
        <IncludeAssertionCode Value="True"/>
        <UseAnsiStrings Value="False"/>
      </SyntaxOptions>
    </Parsing>
    <Linking>
      <Debugging>
        <DebugInfoType Value="dsStabs"/>
        <UseHeaptrc Value="True"/>
      </Debugging>
      <Options>
        <Win32>
          <GraphicApplication Value="True"/>
        </Win32>
      </Options>
    </Linking>
  </CompilerOptions>
  <Debugging>
    <Exceptions Count="1">
      <Item1>
        <Name Value="ECodeToolUnitNotFound"/>
      </Item1>
    </Exceptions>
  </Debugging>
</CONFIG>
